# This file was autogenerated by Stack.
# You should not edit this file by hand.
# For more information, please see the documentation at:
#   https://docs.haskellstack.org/en/stable/lock_files

packages:
- completed:
    hackage: registry-0.1.7.0@sha256:baa9a8896bde506d6fa56390d0d3292a17601313fa56e23f37148aea57b8da2d,5536
    pantry-tree:
      size: 4156
      sha256: 83349ccd069c2dcd0bed3374032e1520bce78363dc9686712f217beeda02e49c
  original:
    hackage: registry-0.1.7.0
- completed:
    hackage: hedgehog-1.0@sha256:440dafedac48a34eac3871f8622b215462cfc0708536cb0458b7a8cf38247c69,4463
    pantry-tree:
      size: 2409
      sha256: 985f5ddc16bc1fd4b0c33d4b4e6f54d205fc63aa97b5912b0fcb370dc2a672e3
  original:
    hackage: hedgehog-1.0
- completed:
    hackage: tasty-hedgehog-1.0.0.1@sha256:cdcf60a29195bd0d819d3018c11db2e0deb7c6e559ad940c49409a5a7a982f83,1766
    pantry-tree:
      size: 330
      sha256: 7c26d9584f8ad1a86d9f5cbd6f5a8b81219eaee992e5a098ddab29a6c0b4b2bf
  original:
    hackage: tasty-hedgehog-1.0.0.1
- completed:
    hackage: streaming-bytestring-0.1.6@sha256:5518d9480b703d2ecf9bbb0d4c76d63053daa99eb08589af4225be72eaf4b36e,12850
    pantry-tree:
      size: 545
      sha256: 7bd150e35e3c412ab9655ce42a8bca154ee8779d1f9f4ba01310b429e651e770
  original:
    hackage: streaming-bytestring-0.1.6
- completed:
    hackage: streaming-cassava-0.1.0.1@sha256:2d1dfeb09af62009e88311fe92f44d06dafb5cdd38879b437ea6adb3bc40acfe,1739
    pantry-tree:
      size: 386
      sha256: f6146cd660354052a07bd947fc4ced806d5ebaa38ea80d632b98eec41b325d54
  original:
    hackage: streaming-cassava-0.1.0.1
- completed:
    hackage: streaming-with-0.2.2.1@sha256:f5f354c9d1ed9358bf91792a2804c897544b170b2891b6c0ee61120605f0327c,1280
    pantry-tree:
      size: 390
      sha256: 2348c80d121b8aae5d6dc462ad0bab28856c3aa58d62f16da9a6da190c1f59cc
  original:
    hackage: streaming-with-0.2.2.1
- completed:
    cabal-file:
      size: 3944
      sha256: 79d83746d65cd8c656d534127ef3308565fc165c9cb9e3073f38b69473a81e94
    name: registry-hedgehog
    version: 0.2.1.0
    git: https://github.com/etorreborre/registry-hedgehog.git
    pantry-tree:
      size: 2016
      sha256: d57530d409719f7e6ca51e673bbf78e15f8880b2fcf2892d7d5c8c82d6bb3ea7
    commit: 60ef738f773325067b76b301e28b58ac1f8e8f04
  original:
    git: https://github.com/etorreborre/registry-hedgehog.git
    commit: 60ef738f773325067b76b301e28b58ac1f8e8f04
snapshots:
- completed:
    size: 497510
    url: https://raw.githubusercontent.com/commercialhaskell/stackage-snapshots/master/lts/13/16.yaml
    sha256: 3e56dd069db766f8e4c0a61ba49611e549c8b7757369fe1a063d1c33548790ac
  original: lts-13.16
